
Microsoft Visual Studio Solution File, Format Version 12.00
# Visual Studio Version 16
VisualStudioVersion = 16.0.30011.22
MinimumVisualStudioVersion = 10.0.40219.1
Project("{9A19103F-16F7-4668-BE54-9A1E7A4F7556}") = "AspNetCoreMvc2.Introduction", "AspNetCoreMvc2.Introduction\AspNetCoreMvc2.Introduction.csproj", "{5B8BA3A2-2056-484F-897B-D358D2C0E9A2}"
EndProject
Project("{FAE04EC0-301F-11D3-BF4B-00C04F79EFBC}") = "AspNetCoreWithAngular", "AspNetCoreWithAngular\AspNetCoreWithAngular.csproj", "{8727DF34-D02E-4BDC-9418-068AB81D8657}"
EndProject
Global
	GlobalSection(SolutionConfigurationPlatforms) = preSolution
		Debug|Any CPU = Debug|Any CPU
		Release|Any CPU = Release|Any CPU
	EndGlobalSection
	GlobalSection(ProjectConfigurationPlatforms) = postSolution
		{5B8BA3A2-2056-484F-897B-D358D2C0E9A2}.Debug|Any CPU.ActiveCfg = Debug|Any CPU
		{5B8BA3A2-2056-484F-897B-D358D2C0E9A2}.Debug|Any CPU.Build.0 = Debug|Any CPU
		{5B8BA3A2-2056-484F-897B-D358D2C0E9A2}.Release|Any CPU.ActiveCfg = Release|Any CPU
		{5B8BA3A2-2056-484F-897B-D358D2C0E9A2}.Release|Any CPU.Build.0 = Release|Any CPU
		{8727DF34-D02E-4BDC-9418-068AB81D8657}.Debug|Any CPU.ActiveCfg = Debug|Any CPU
		{8727DF34-D02E-4BDC-9418-068AB81D8657}.Debug|Any CPU.Build.0 = Debug|Any CPU
		{8727DF34-D02E-4BDC-9418-068AB81D8657}.Release|Any CPU.ActiveCfg = Release|Any CPU
		{8727DF34-D02E-4BDC-9418-068AB81D8657}.Release|Any CPU.Build.0 = Release|Any CPU
	EndGlobalSection
	GlobalSection(SolutionProperties) = preSolution
		HideSolutionNode = FALSE
	EndGlobalSection
	GlobalSection(ExtensibilityGlobals) = postSolution
		SolutionGuid = {F7872671-7B10-4F55-8C4F-F9B24B6CE4A9}
	EndGlobalSection
EndGlobal
